
Microsoft Visual Studio Solution File, Format Version 12.00
# Visual Studio Version 17
VisualStudioVersion = 17.7.34302.85
MinimumVisualStudioVersion = 10.0.40219.1
Project("{FAE04EC0-301F-11D3-BF4B-00C04F79EFBC}") = "FraudShield", "FraudShield\FraudShield.csproj", "{A47DE2EE-4567-4467-BCE7-348B6605A7E5}"
EndProject
Project("{FAE04EC0-301F-11D3-BF4B-00C04F79EFBC}") = "FraudShield.Test", "FraudShield.Test\FraudShield.Test.csproj", "{17080287-1717-4FE3-B079-072A4A834C0A}"
EndProject
Global
	GlobalSection(SolutionConfigurationPlatforms) = preSolution
		Debug|Any CPU = Debug|Any CPU
		Release|Any CPU = Release|Any CPU
	EndGlobalSection
	GlobalSection(ProjectConfigurationPlatforms) = postSolution
		{A47DE2EE-4567-4467-BCE7-348B6605A7E5}.Debug|Any CPU.ActiveCfg = Debug|Any CPU
		{A47DE2EE-4567-4467-BCE7-348B6605A7E5}.Debug|Any CPU.Build.0 = Debug|Any CPU
		{A47DE2EE-4567-4467-BCE7-348B6605A7E5}.Release|Any CPU.ActiveCfg = Release|Any CPU
		{A47DE2EE-4567-4467-BCE7-348B6605A7E5}.Release|Any CPU.Build.0 = Release|Any CPU
		{17080287-1717-4FE3-B079-072A4A834C0A}.Debug|Any CPU.ActiveCfg = Debug|Any CPU
		{17080287-1717-4FE3-B079-072A4A834C0A}.Debug|Any CPU.Build.0 = Debug|Any CPU
		{17080287-1717-4FE3-B079-072A4A834C0A}.Release|Any CPU.ActiveCfg = Release|Any CPU
		{17080287-1717-4FE3-B079-072A4A834C0A}.Release|Any CPU.Build.0 = Release|Any CPU
	EndGlobalSection
	GlobalSection(SolutionProperties) = preSolution
		HideSolutionNode = FALSE
	EndGlobalSection
	GlobalSection(ExtensibilityGlobals) = postSolution
		SolutionGuid = {C218EF53-CF3F-4EA3-BD93-EBA4451C3E79}
	EndGlobalSection
EndGlobal
